// !$*UTF8*$!
{
	archiveVersion = 1;
	classes = {
	};
	objectVersion = 55;
	objects = {

/* Begin PBXBuildFile section */
		8D239E346B20A53DBCD26852 /* Pods_CloneSnapchat.framework in Frameworks */ = {isa = PBXBuildFile; fileRef = FF4B07F366B1D9FFC7EC547C /* Pods_CloneSnapchat.framework */; };
		C910EFA0285284280001C284 /* AppDelegate.swift in Sources */ = {isa = PBXBuildFile; fileRef = C910EF9F285284280001C284 /* AppDelegate.swift */; };
		C910EFA2285284280001C284 /* SceneDelegate.swift in Sources */ = {isa = PBXBuildFile; fileRef = C910EFA1285284280001C284 /* SceneDelegate.swift */; };
		C910EFA4285284280001C284 /* SignInVC.swift in Sources */ = {isa = PBXBuildFile; fileRef = C910EFA3285284280001C284 /* SignInVC.swift */; };
		C910EFA7285284280001C284 /* Main.storyboard in Resources */ = {isa = PBXBuildFile; fileRef = C910EFA5285284280001C284 /* Main.storyboard */; };
		C910EFA9285284320001C284 /* Assets.xcassets in Resources */ = {isa = PBXBuildFile; fileRef = C910EFA8285284320001C284 /* Assets.xcassets */; };
		C910EFAC285284320001C284 /* LaunchScreen.storyboard in Resources */ = {isa = PBXBuildFile; fileRef = C910EFAA285284320001C284 /* LaunchScreen.storyboard */; };
		C910EFB4285284870001C284 /* GoogleService-Info.plist in Resources */ = {isa = PBXBuildFile; fileRef = C910EFB3285284870001C284 /* GoogleService-Info.plist */; };
		C9195A1A2853F87400C5D843 /* UserSingleton.swift in Sources */ = {isa = PBXBuildFile; fileRef = C9195A192853F87400C5D843 /* UserSingleton.swift */; };
		C9195A1D2854007F00C5D843 /* MakeAlert.swift in Sources */ = {isa = PBXBuildFile; fileRef = C9195A1C2854007F00C5D843 /* MakeAlert.swift */; };
		C9195A1F2854128300C5D843 /* FeedCell.swift in Sources */ = {isa = PBXBuildFile; fileRef = C9195A1E2854128300C5D843 /* FeedCell.swift */; };
		C9195A212854151300C5D843 /* Snap.swift in Sources */ = {isa = PBXBuildFile; fileRef = C9195A202854151300C5D843 /* Snap.swift */; };
		C9F9DB602852947100D237FB /* FeedVC.swift in Sources */ = {isa = PBXBuildFile; fileRef = C9F9DB5F2852947100D237FB /* FeedVC.swift */; };
		C9F9DB622852947F00D237FB /* UploadVC.swift in Sources */ = {isa = PBXBuildFile; fileRef = C9F9DB612852947F00D237FB /* UploadVC.swift */; };
		C9F9DB642852948C00D237FB /* SettingsVC.swift in Sources */ = {isa = PBXBuildFile; fileRef = C9F9DB632852948C00D237FB /* SettingsVC.swift */; };
/* End PBXBuildFile section */

/* Begin PBXFileReference section */
		58E93C9F9139C1E1FAAE5E50 /* Pods-CloneSnapchat.release.xcconfig */ = {isa = PBXFileReference; includeInIndex = 1; lastKnownFileType = text.xcconfig; name = "Pods-CloneSnapchat.release.xcconfig"; path = "Target Support Files/Pods-CloneSnapchat/Pods-CloneSnapchat.release.xcconfig"; sourceTree = "<group>"; };
		A377FAAC24D056452F440629 /* Pods-CloneSnapchat.debug.xcconfig */ = {isa = PBXFileReference; includeInIndex = 1; lastKnownFileType = text.xcconfig; name = "Pods-CloneSnapchat.debug.xcconfig"; path = "Target Support Files/Pods-CloneSnapchat/Pods-CloneSnapchat.debug.xcconfig"; sourceTree = "<group>"; };
		C910EF9C285284280001C284 /* CloneSnapchat.app */ = {isa = PBXFileReference; explicitFileType = wrapper.application; includeInIndex = 0; path = CloneSnapchat.app; sourceTree = BUILT_PRODUCTS_DIR; };
		C910EF9F285284280001C284 /* AppDelegate.swift */ = {isa = PBXFileReference; lastKnownFileType = sourcecode.swift; path = AppDelegate.swift; sourceTree = "<group>"; };
		C910EFA1285284280001C284 /* SceneDelegate.swift */ = {isa = PBXFileReference; lastKnownFileType = sourcecode.swift; path = SceneDelegate.swift; sourceTree = "<group>"; };
		C910EFA3285284280001C284 /* SignInVC.swift */ = {isa = PBXFileReference; lastKnownFileType = sourcecode.swift; path = SignInVC.swift; sourceTree = "<group>"; };
		C910EFA6285284280001C284 /* Base */ = {isa = PBXFileReference; lastKnownFileType = file.storyboard; name = Base; path = Base.lproj/Main.storyboard; sourceTree = "<group>"; };
		C910EFA8285284320001C284 /* Assets.xcassets */ = {isa = PBXFileReference; lastKnownFileType = folder.assetcatalog; path = Assets.xcassets; sourceTree = "<group>"; };
		C910EFAB285284320001C284 /* Base */ = {isa = PBXFileReference; lastKnownFileType = file.storyboard; name = Base; path = Base.lproj/LaunchScreen.storyboard; sourceTree = "<group>"; };
		C910EFAD285284320001C284 /* Info.plist */ = {isa = PBXFileReference; lastKnownFileType = text.plist.xml; path = Info.plist; sourceTree = "<group>"; };
		C910EFB3285284870001C284 /* GoogleService-Info.plist */ = {isa = PBXFileReference; fileEncoding = 4; lastKnownFileType = text.plist.xml; path = "GoogleService-Info.plist"; sourceTree = "<group>"; };
		C9195A192853F87400C5D843 /* UserSingleton.swift */ = {isa = PBXFileReference; lastKnownFileType = sourcecode.swift; path = UserSingleton.swift; sourceTree = "<group>"; };
		C9195A1C2854007F00C5D843 /* MakeAlert.swift */ = {isa = PBXFileReference; lastKnownFileType = sourcecode.swift; path = MakeAlert.swift; sourceTree = "<group>"; };
		C9195A1E2854128300C5D843 /* FeedCell.swift */ = {isa = PBXFileReference; lastKnownFileType = sourcecode.swift; path = FeedCell.swift; sourceTree = "<group>"; };
		C9195A202854151300C5D843 /* Snap.swift */ = {isa = PBXFileReference; lastKnownFileType = sourcecode.swift; path = Snap.swift; sourceTree = "<group>"; };
		C9F9DB5F2852947100D237FB /* FeedVC.swift */ = {isa = PBXFileReference; lastKnownFileType = sourcecode.swift; path = FeedVC.swift; sourceTree = "<group>"; };
		C9F9DB612852947F00D237FB /* UploadVC.swift */ = {isa = PBXFileReference; lastKnownFileType = sourcecode.swift; path = UploadVC.swift; sourceTree = "<group>"; };
		C9F9DB632852948C00D237FB /* SettingsVC.swift */ = {isa = PBXFileReference; lastKnownFileType = sourcecode.swift; path = SettingsVC.swift; sourceTree = "<group>"; };
		FF4B07F366B1D9FFC7EC547C /* Pods_CloneSnapchat.framework */ = {isa = PBXFileReference; explicitFileType = wrapper.framework; includeInIndex = 0; path = Pods_CloneSnapchat.framework; sourceTree = BUILT_PRODUCTS_DIR; };
/* End PBXFileReference section */

/* Begin PBXFrameworksBuildPhase section */
		C910EF99285284280001C284 /* Frameworks */ = {
			isa = PBXFrameworksBuildPhase;
			buildActionMask = 2147483647;
			files = (
				8D239E346B20A53DBCD26852 /* Pods_CloneSnapchat.framework in Frameworks */,
			);
			runOnlyForDeploymentPostprocessing = 0;
		};
/* End PBXFrameworksBuildPhase section */

/* Begin PBXGroup section */
		93B6A86F0FC9D87F35857672 /* Pods */ = {
			isa = PBXGroup;
			children = (
				A377FAAC24D056452F440629 /* Pods-CloneSnapchat.debug.xcconfig */,
				58E93C9F9139C1E1FAAE5E50 /* Pods-CloneSnapchat.release.xcconfig */,
			);
			path = Pods;
			sourceTree = "<group>";
		};
		C910EF93285284280001C284 = {
			isa = PBXGroup;
			children = (
				C910EF9E285284280001C284 /* CloneSnapchat */,
				C910EF9D285284280001C284 /* Products */,
				93B6A86F0FC9D87F35857672 /* Pods */,
				D4563138CD39D9CD0D6B4835 /* Frameworks */,
			);
			sourceTree = "<group>";
		};
		C910EF9D285284280001C284 /* Products */ = {
			isa = PBXGroup;
			children = (
				C910EF9C285284280001C284 /* CloneSnapchat.app */,
			);
			name = Products;
			sourceTree = "<group>";
		};
		C910EF9E285284280001C284 /* CloneSnapchat */ = {
			isa = PBXGroup;
			children = (
				C9195A1B2854006600C5D843 /* Extensions */,
				C9195A182853F86700C5D843 /* Model */,
				C9F9DB5E2852944600D237FB /* Supporting Files */,
				C9F9DB5D2852943500D237FB /* VCs */,
				C9F9DB5C2852942B00D237FB /* Delegates */,
				C910EFA5285284280001C284 /* Main.storyboard */,
				C9195A1E2854128300C5D843 /* FeedCell.swift */,
			);
			path = CloneSnapchat;
			sourceTree = "<group>";
		};
		C9195A182853F86700C5D843 /* Model */ = {
			isa = PBXGroup;
			children = (
				C9195A192853F87400C5D843 /* UserSingleton.swift */,
				C9195A202854151300C5D843 /* Snap.swift */,
			);
			path = Model;
			sourceTree = "<group>";
		};
		C9195A1B2854006600C5D843 /* Extensions */ = {
			isa = PBXGroup;
			children = (
				C9195A1C2854007F00C5D843 /* MakeAlert.swift */,
			);
			path = Extensions;
			sourceTree = "<group>";
		};
		C9F9DB5C2852942B00D237FB /* Delegates */ = {
			isa = PBXGroup;
			children = (
				C910EFA1285284280001C284 /* SceneDelegate.swift */,
				C910EF9F285284280001C284 /* AppDelegate.swift */,
			);
			path = Delegates;
			sourceTree = "<group>";
		};
		C9F9DB5D2852943500D237FB /* VCs */ = {
			isa = PBXGroup;
			children = (
				C910EFA3285284280001C284 /* SignInVC.swift */,
				C9F9DB5F2852947100D237FB /* FeedVC.swift */,
				C9F9DB612852947F00D237FB /* UploadVC.swift */,
				C9F9DB632852948C00D237FB /* SettingsVC.swift */,
			);
			path = VCs;
			sourceTree = "<group>";
		};
		C9F9DB5E2852944600D237FB /* Supporting Files */ = {
			isa = PBXGroup;
			children = (
				C910EFAD285284320001C284 /* Info.plist */,
				C910EFB3285284870001C284 /* GoogleService-Info.plist */,
				C910EFAA285284320001C284 /* LaunchScreen.storyboard */,
				C910EFA8285284320001C284 /* Assets.xcassets */,
			);
			path = "Supporting Files";
			sourceTree = "<group>";
		};
		D4563138CD39D9CD0D6B4835 /* Frameworks */ = {
			isa = PBXGroup;
			children = (
				FF4B07F366B1D9FFC7EC547C /* Pods_CloneSnapchat.framework */,
			);
			name = Frameworks;
			sourceTree = "<group>";
		};
/* End PBXGroup section */

/* Begin PBXNativeTarget section */
		C910EF9B285284280001C284 /* CloneSnapchat */ = {
			isa = PBXNativeTarget;
			buildConfigurationList = C910EFB0285284320001C284 /* Build configuration list for PBXNativeTarget "CloneSnapchat" */;
			buildPhases = (
				DEE3FA299181253258C91C0B /* [CP] Check Pods Manifest.lock */,
				C910EF98285284280001C284 /* Sources */,
				C910EF99285284280001C284 /* Frameworks */,
				C910EF9A285284280001C284 /* Resources */,
				994ED14F0094B88AFAF5D18C /* [CP] Embed Pods Frameworks */,
			);
			buildRules = (
			);
			dependencies = (
			);
			name = CloneSnapchat;
			productName = CloneSnapchat;
			productReference = C910EF9C285284280001C284 /* CloneSnapchat.app */;
			productType = "com.apple.product-type.application";
		};
/* End PBXNativeTarget section */

/* Begin PBXProject section */
		C910EF94285284280001C284 /* Project object */ = {
			isa = PBXProject;
			attributes = {
				BuildIndependentTargetsInParallel = 1;
				LastSwiftUpdateCheck = 1340;
				LastUpgradeCheck = 1340;
				TargetAttributes = {
					C910EF9B285284280001C284 = {
						CreatedOnToolsVersion = 13.4.1;
					};
				};
			};
			buildConfigurationList = C910EF97285284280001C284 /* Build configuration list for PBXProject "CloneSnapchat" */;
			compatibilityVersion = "Xcode 13.0";
			developmentRegion = en;
			hasScannedForEncodings = 0;
			knownRegions = (
				en,
				Base,
			);
			mainGroup = C910EF93285284280001C284;
			productRefGroup = C910EF9D285284280001C284 /* Products */;
			projectDirPath = "";
			projectRoot = "";
			targets = (
				C910EF9B285284280001C284 /* CloneSnapchat */,
			);
		};
/* End PBXProject section */

/* Begin PBXResourcesBuildPhase section */
		C910EF9A285284280001C284 /* Resources */ = {
			isa = PBXResourcesBuildPhase;
			buildActionMask = 2147483647;
			files = (
				C910EFAC285284320001C284 /* LaunchScreen.storyboard in Resources */,
				C910EFB4285284870001C284 /* GoogleService-Info.plist in Resources */,
				C910EFA9285284320001C284 /* Assets.xcassets in Resources */,
				C910EFA7285284280001C284 /* Main.storyboard in Resources */,
			);
			runOnlyForDeploymentPostprocessing = 0;
		};
/* End PBXResourcesBuildPhase section */

/* Begin PBXShellScriptBuildPhase section */
		994ED14F0094B88AFAF5D18C /* [CP] Embed Pods Frameworks */ = {
			isa = PBXShellScriptBuildPhase;
			buildActionMask = 2147483647;
			files = (
			);
			inputFileListPaths = (
				"${PODS_ROOT}/Target Support Files/Pods-CloneSnapchat/Pods-CloneSnapchat-frameworks-${CONFIGURATION}-input-files.xcfilelist",
			);
			name = "[CP] Embed Pods Frameworks";
			outputFileListPaths = (
				"${PODS_ROOT}/Target Support Files/Pods-CloneSnapchat/Pods-CloneSnapchat-frameworks-${CONFIGURATION}-output-files.xcfilelist",
			);
			runOnlyForDeploymentPostprocessing = 0;
			shellPath = /bin/sh;
			shellScript = "\"${PODS_ROOT}/Target Support Files/Pods-CloneSnapchat/Pods-CloneSnapchat-frameworks.sh\"\n";
			showEnvVarsInLog = 0;
		};
		DEE3FA299181253258C91C0B /* [CP] Check Pods Manifest.lock */ = {
			isa = PBXShellScriptBuildPhase;
			buildActionMask = 2147483647;
			files = (
			);
			inputFileListPaths = (
			);
			inputPaths = (
				"${PODS_PODFILE_DIR_PATH}/Podfile.lock",
				"${PODS_ROOT}/Manifest.lock",
			);
			name = "[CP] Check Pods Manifest.lock";
			outputFileListPaths = (
			);
			outputPaths = (
				"$(DERIVED_FILE_DIR)/Pods-CloneSnapchat-checkManifestLockResult.txt",
			);
			runOnlyForDeploymentPostprocessing = 0;
			shellPath = /bin/sh;
			shellScript = "diff \"${PODS_PODFILE_DIR_PATH}/Podfile.lock\" \"${PODS_ROOT}/Manifest.lock\" > /dev/null\nif [ $? != 0 ] ; then\n    # print error to STDERR\n    echo \"error: The sandbox is not in sync with the Podfile.lock. Run 'pod install' or update your CocoaPods installation.\" >&2\n    exit 1\nfi\n# This output is used by Xcode 'outputs' to avoid re-running this script phase.\necho \"SUCCESS\" > \"${SCRIPT_OUTPUT_FILE_0}\"\n";
			showEnvVarsInLog = 0;
		};
/* End PBXShellScriptBuildPhase section */

/* Begin PBXSourcesBuildPhase section */
		C910EF98285284280001C284 /* Sources */ = {
			isa = PBXSourcesBuildPhase;
			buildActionMask = 2147483647;
			files = (
				C9195A1D2854007F00C5D843 /* MakeAlert.swift in Sources */,
				C9195A212854151300C5D843 /* Snap.swift in Sources */,
				C9F9DB602852947100D237FB /* FeedVC.swift in Sources */,
				C910EFA4285284280001C284 /* SignInVC.swift in Sources */,
				C910EFA0285284280001C284 /* AppDelegate.swift in Sources */,
				C9F9DB622852947F00D237FB /* UploadVC.swift in Sources */,
				C9195A1A2853F87400C5D843 /* UserSingleton.swift in Sources */,
				C910EFA2285284280001C284 /* SceneDelegate.swift in Sources */,
				C9F9DB642852948C00D237FB /* SettingsVC.swift in Sources */,
				C9195A1F2854128300C5D843 /* FeedCell.swift in Sources */,
			);
			runOnlyForDeploymentPostprocessing = 0;
		};
/* End PBXSourcesBuildPhase section */

/* Begin PBXVariantGroup section */
		C910EFA5285284280001C284 /* Main.storyboard */ = {
			isa = PBXVariantGroup;
			children = (
				C910EFA6285284280001C284 /* Base */,
			);
			name = Main.storyboard;
			sourceTree = "<group>";
		};
		C910EFAA285284320001C284 /* LaunchScreen.storyboard */ = {
			isa = PBXVariantGroup;
			children = (
				C910EFAB285284320001C284 /* Base */,
			);
			name = LaunchScreen.storyboard;
			sourceTree = "<group>";
		};
/* End PBXVariantGroup section */

/* Begin XCBuildConfiguration section */
		C910EFAE285284320001C284 /* Debug */ = {
			isa = XCBuildConfiguration;
			buildSettings = {
				ALWAYS_SEARCH_USER_PATHS = NO;
				CLANG_ANALYZER_NONNULL = YES;
				CLANG_ANALYZER_NUMBER_OBJECT_CONVERSION = YES_AGGRESSIVE;
				CLANG_CXX_LANGUAGE_STANDARD = "gnu++17";
				CLANG_ENABLE_MODULES = YES;
				CLANG_ENABLE_OBJC_ARC = YES;
				CLANG_ENABLE_OBJC_WEAK = YES;
				CLANG_WARN_BLOCK_CAPTURE_AUTORELEASING = YES;
				CLANG_WARN_BOOL_CONVERSION = YES;
				CLANG_WARN_COMMA = YES;
				CLANG_WARN_CONSTANT_CONVERSION = YES;
				CLANG_WARN_DEPRECATED_OBJC_IMPLEMENTATIONS = YES;
				CLANG_WARN_DIRECT_OBJC_ISA_USAGE = YES_ERROR;
				CLANG_WARN_DOCUMENTATION_COMMENTS = YES;
				CLANG_WARN_EMPTY_BODY = YES;
				CLANG_WARN_ENUM_CONVERSION = YES;
				CLANG_WARN_INFINITE_RECURSION = YES;
				CLANG_WARN_INT_CONVERSION = YES;
				CLANG_WARN_NON_LITERAL_NULL_CONVERSION = YES;
				CLANG_WARN_OBJC_IMPLICIT_RETAIN_SELF = YES;
				CLANG_WARN_OBJC_LITERAL_CONVERSION = YES;
				CLANG_WARN_OBJC_ROOT_CLASS = YES_ERROR;
				CLANG_WARN_QUOTED_INCLUDE_IN_FRAMEWORK_HEADER = YES;
				CLANG_WARN_RANGE_LOOP_ANALYSIS = YES;
				CLANG_WARN_STRICT_PROTOTYPES = YES;
				CLANG_WARN_SUSPICIOUS_MOVE = YES;
				CLANG_WARN_UNGUARDED_AVAILABILITY = YES_AGGRESSIVE;
				CLANG_WARN_UNREACHABLE_CODE = YES;
				CLANG_WARN__DUPLICATE_METHOD_MATCH = YES;
				COPY_PHASE_STRIP = NO;
				DEBUG_INFORMATION_FORMAT = dwarf;
				ENABLE_STRICT_OBJC_MSGSEND = YES;
				ENABLE_TESTABILITY = YES;
				GCC_C_LANGUAGE_STANDARD = gnu11;
				GCC_DYNAMIC_NO_PIC = NO;
				GCC_NO_COMMON_BLOCKS = YES;
				GCC_OPTIMIZATION_LEVEL = 0;
				GCC_PREPROCESSOR_DEFINITIONS = (
					"DEBUG=1",
					"$(inherited)",
				);
				GCC_WARN_64_TO_32_BIT_CONVERSION = YES;
				GCC_WARN_ABOUT_RETURN_TYPE = YES_ERROR;
				GCC_WARN_UNDECLARED_SELECTOR = YES;
				GCC_WARN_UNINITIALIZED_AUTOS = YES_AGGRESSIVE;
				GCC_WARN_UNUSED_FUNCTION = YES;
				GCC_WARN_UNUSED_VARIABLE = YES;
				IPHONEOS_DEPLOYMENT_TARGET = 15.5;
				MTL_ENABLE_DEBUG_INFO = INCLUDE_SOURCE;
				MTL_FAST_MATH = YES;
				ONLY_ACTIVE_ARCH = YES;
				SDKROOT = iphoneos;
				SWIFT_ACTIVE_COMPILATION_CONDITIONS = DEBUG;
				SWIFT_OPTIMIZATION_LEVEL = "-Onone";
			};
			name = Debug;
		};
		C910EFAF285284320001C284 /* Release */ = {
			isa = XCBuildConfiguration;
			buildSettings = {
				ALWAYS_SEARCH_USER_PATHS = NO;
				CLANG_ANALYZER_NONNULL = YES;
				CLANG_ANALYZER_NUMBER_OBJECT_CONVERSION = YES_AGGRESSIVE;
				CLANG_CXX_LANGUAGE_STANDARD = "gnu++17";
				CLANG_ENABLE_MODULES = YES;
				CLANG_ENABLE_OBJC_ARC = YES;
				CLANG_ENABLE_OBJC_WEAK = YES;
				CLANG_WARN_BLOCK_CAPTURE_AUTORELEASING = YES;
				CLANG_WARN_BOOL_CONVERSION = YES;
				CLANG_WARN_COMMA = YES;
				CLANG_WARN_CONSTANT_CONVERSION = YES;
				CLANG_WARN_DEPRECATED_OBJC_IMPLEMENTATIONS = YES;
				CLANG_WARN_DIRECT_OBJC_ISA_USAGE = YES_ERROR;
				CLANG_WARN_DOCUMENTATION_COMMENTS = YES;
				CLANG_WARN_EMPTY_BODY = YES;
				CLANG_WARN_ENUM_CONVERSION = YES;
				CLANG_WARN_INFINITE_RECURSION = YES;
				CLANG_WARN_INT_CONVERSION = YES;
				CLANG_WARN_NON_LITERAL_NULL_CONVERSION = YES;
				CLANG_WARN_OBJC_IMPLICIT_RETAIN_SELF = YES;
				CLANG_WARN_OBJC_LITERAL_CONVERSION = YES;
				CLANG_WARN_OBJC_ROOT_CLASS = YES_ERROR;
				CLANG_WARN_QUOTED_INCLUDE_IN_FRAMEWORK_HEADER = YES;
				CLANG_WARN_RANGE_LOOP_ANALYSIS = YES;
				CLANG_WARN_STRICT_PROTOTYPES = YES;
				CLANG_WARN_SUSPICIOUS_MOVE = YES;
				CLANG_WARN_UNGUARDED_AVAILABILITY = YES_AGGRESSIVE;
				CLANG_WARN_UNREACHABLE_CODE = YES;
				CLANG_WARN__DUPLICATE_METHOD_MATCH = YES;
				COPY_PHASE_STRIP = NO;
				DEBUG_INFORMATION_FORMAT = "dwarf-with-dsym";
				ENABLE_NS_ASSERTIONS = NO;
				ENABLE_STRICT_OBJC_MSGSEND = YES;
				GCC_C_LANGUAGE_STANDARD = gnu11;
				GCC_NO_COMMON_BLOCKS = YES;
				GCC_WARN_64_TO_32_BIT_CONVERSION = YES;
				GCC_WARN_ABOUT_RETURN_TYPE = YES_ERROR;
				GCC_WARN_UNDECLARED_SELECTOR = YES;
				GCC_WARN_UNINITIALIZED_AUTOS = YES_AGGRESSIVE;
				GCC_WARN_UNUSED_FUNCTION = YES;
				GCC_WARN_UNUSED_VARIABLE = YES;
				IPHONEOS_DEPLOYMENT_TARGET = 15.5;
				MTL_ENABLE_DEBUG_INFO = NO;
				MTL_FAST_MATH = YES;
				SDKROOT = iphoneos;
				SWIFT_COMPILATION_MODE = wholemodule;
				SWIFT_OPTIMIZATION_LEVEL = "-O";
				VALIDATE_PRODUCT = YES;
			};
			name = Release;
		};
		C910EFB1285284320001C284 /* Debug */ = {
			isa = XCBuildConfiguration;
			baseConfigurationReference = A377FAAC24D056452F440629 /* Pods-CloneSnapchat.debug.xcconfig */;
			buildSettings = {
				ASSETCATALOG_COMPILER_APPICON_NAME = AppIcon;
				ASSETCATALOG_COMPILER_GLOBAL_ACCENT_COLOR_NAME = AccentColor;
				CODE_SIGN_STYLE = Automatic;
				CURRENT_PROJECT_VERSION = 1;
				DEVELOPMENT_TEAM = 4AKWAHU929;
				GENERATE_INFOPLIST_FILE = YES;
				INFOPLIST_FILE = "CloneSnapchat/Supporting Files/Info.plist";
				INFOPLIST_KEY_UIApplicationSupportsIndirectInputEvents = YES;
				INFOPLIST_KEY_UILaunchStoryboardName = LaunchScreen;
				INFOPLIST_KEY_UIMainStoryboardFile = Main;
				INFOPLIST_KEY_UISupportedInterfaceOrientations_iPad = "UIInterfaceOrientationPortrait UIInterfaceOrientationPortraitUpsideDown UIInterfaceOrientationLandscapeLeft UIInterfaceOrientationLandscapeRight";
				INFOPLIST_KEY_UISupportedInterfaceOrientations_iPhone = "UIInterfaceOrientationPortrait UIInterfaceOrientationLandscapeLeft UIInterfaceOrientationLandscapeRight";
				LD_RUNPATH_SEARCH_PATHS = (
					"$(inherited)",
					"@executable_path/Frameworks",
				);
				MARKETING_VERSION = 1.0;
				PRODUCT_BUNDLE_IDENTIFIER = com.mehmetergun.CloneSnapchat;
				PRODUCT_NAME = "$(TARGET_NAME)";
				SWIFT_EMIT_LOC_STRINGS = YES;
				SWIFT_VERSION = 5.0;
				TARGETED_DEVICE_FAMILY = "1,2";
			};
			name = Debug;
		};
		C910EFB2285284320001C284 /* Release */ = {
			isa = XCBuildConfiguration;
			baseConfigurationReference = 58E93C9F9139C1E1FAAE5E50 /* Pods-CloneSnapchat.release.xcconfig */;
			buildSettings = {
				ASSETCATALOG_COMPILER_APPICON_NAME = AppIcon;
				ASSETCATALOG_COMPILER_GLOBAL_ACCENT_COLOR_NAME = AccentColor;
				CODE_SIGN_STYLE = Automatic;
				CURRENT_PROJECT_VERSION = 1;
				DEVELOPMENT_TEAM = 4AKWAHU929;
				GENERATE_INFOPLIST_FILE = YES;
				INFOPLIST_FILE = "CloneSnapchat/Supporting Files/Info.plist";
				INFOPLIST_KEY_UIApplicationSupportsIndirectInputEvents = YES;
				INFOPLIST_KEY_UILaunchStoryboardName = LaunchScreen;
				INFOPLIST_KEY_UIMainStoryboardFile = Main;
				INFOPLIST_KEY_UISupportedInterfaceOrientations_iPad = "UIInterfaceOrientationPortrait UIInterfaceOrientationPortraitUpsideDown UIInterfaceOrientationLandscapeLeft UIInterfaceOrientationLandscapeRight";
				INFOPLIST_KEY_UISupportedInterfaceOrientations_iPhone = "UIInterfaceOrientationPortrait UIInterfaceOrientationLandscapeLeft UIInterfaceOrientationLandscapeRight";
				LD_RUNPATH_SEARCH_PATHS = (
					"$(inherited)",
					"@executable_path/Frameworks",
				);
				MARKETING_VERSION = 1.0;
				PRODUCT_BUNDLE_IDENTIFIER = com.mehmetergun.CloneSnapchat;
				PRODUCT_NAME = "$(TARGET_NAME)";
				SWIFT_EMIT_LOC_STRINGS = YES;
				SWIFT_VERSION = 5.0;
				TARGETED_DEVICE_FAMILY = "1,2";
			};
			name = Release;
		};
/* End XCBuildConfiguration section */

/* Begin XCConfigurationList section */
		C910EF97285284280001C284 /* Build configuration list for PBXProject "CloneSnapchat" */ = {
			isa = XCConfigurationList;
			buildConfigurations = (
				C910EFAE285284320001C284 /* Debug */,
				C910EFAF285284320001C284 /* Release */,
			);
			defaultConfigurationIsVisible = 0;
			defaultConfigurationName = Release;
		};
		C910EFB0285284320001C284 /* Build configuration list for PBXNativeTarget "CloneSnapchat" */ = {
			isa = XCConfigurationList;
			buildConfigurations = (
				C910EFB1285284320001C284 /* Debug */,
				C910EFB2285284320001C284 /* Release */,
			);
			defaultConfigurationIsVisible = 0;
			defaultConfigurationName = Release;
		};
/* End XCConfigurationList section */
	};
	rootObject = C910EF94285284280001C284 /* Project object */;
}
